
Microsoft Visual Studio Solution File, Format Version 12.00
# Visual Studio 15
VisualStudioVersion = 15.0.28307.329
MinimumVisualStudioVersion = 10.0.40219.1
Project("{FAE04EC0-301F-11D3-BF4B-00C04F79EFBC}") = "Matthew", "Matthew\Matthew.csproj", "{3AF55D0A-7276-4FD9-ADA5-9D3D574EE93D}"
EndProject
Global
	GlobalSection(SolutionConfigurationPlatforms) = preSolution
		Debug|Any CPU = Debug|Any CPU
		Release|Any CPU = Release|Any CPU
	EndGlobalSection
	GlobalSection(ProjectConfigurationPlatforms) = postSolution
		{3AF55D0A-7276-4FD9-ADA5-9D3D574EE93D}.Debug|Any CPU.ActiveCfg = Debug|Any CPU
		{3AF55D0A-7276-4FD9-ADA5-9D3D574EE93D}.Debug|Any CPU.Build.0 = Debug|Any CPU
		{3AF55D0A-7276-4FD9-ADA5-9D3D574EE93D}.Release|Any CPU.ActiveCfg = Release|Any CPU
		{3AF55D0A-7276-4FD9-ADA5-9D3D574EE93D}.Release|Any CPU.Build.0 = Release|Any CPU
	EndGlobalSection
	GlobalSection(SolutionProperties) = preSolution
		HideSolutionNode = FALSE
	EndGlobalSection
	GlobalSection(ExtensibilityGlobals) = postSolution
		SolutionGuid = {E6D6E9E9-A598-4F95-B63B-727003B4B7FA}
	EndGlobalSection
EndGlobal
